
Microsoft Visual Studio Solution File, Format Version 12.00
# Visual Studio Version 17
VisualStudioVersion = 17.2.32505.173
MinimumVisualStudioVersion = 10.0.40219.1
Project("{FAE04EC0-301F-11D3-BF4B-00C04F79EFBC}") = "VGlinskii.winForm.Lab2.7_RegistrationForm", "VGlinskii.winForm.RegistrationForm\VGlinskii.winForm.Lab2.7_RegistrationForm.csproj", "{C238BCD3-8D96-4C22-9C04-3B03561C5643}"
EndProject
Global
	GlobalSection(SolutionConfigurationPlatforms) = preSolution
		Debug|Any CPU = Debug|Any CPU
		Release|Any CPU = Release|Any CPU
	EndGlobalSection
	GlobalSection(ProjectConfigurationPlatforms) = postSolution
		{C238BCD3-8D96-4C22-9C04-3B03561C5643}.Debug|Any CPU.ActiveCfg = Debug|Any CPU
		{C238BCD3-8D96-4C22-9C04-3B03561C5643}.Debug|Any CPU.Build.0 = Debug|Any CPU
		{C238BCD3-8D96-4C22-9C04-3B03561C5643}.Release|Any CPU.ActiveCfg = Release|Any CPU
		{C238BCD3-8D96-4C22-9C04-3B03561C5643}.Release|Any CPU.Build.0 = Release|Any CPU
	EndGlobalSection
	GlobalSection(SolutionProperties) = preSolution
		HideSolutionNode = FALSE
	EndGlobalSection
	GlobalSection(ExtensibilityGlobals) = postSolution
		SolutionGuid = {8B64A52A-6021-4365-A03A-875D2ABE96C7}
	EndGlobalSection
EndGlobal
