
Microsoft Visual Studio Solution File, Format Version 12.00
# Visual Studio Version 17
VisualStudioVersion = 17.3.32922.545
MinimumVisualStudioVersion = 10.0.40219.1
Project("{8BC9CEB8-8B4A-11D0-8D11-00A0C91BC942}") = "lab5_exersice3.1", "lab5_exersice3.1\lab5_exersice3.1.vcxproj", "{87BB1A45-C91E-4544-BFD7-0E544DE32C33}"
EndProject
Global
	GlobalSection(SolutionConfigurationPlatforms) = preSolution
		Debug|x64 = Debug|x64
		Debug|x86 = Debug|x86
		Release|x64 = Release|x64
		Release|x86 = Release|x86
	EndGlobalSection
	GlobalSection(ProjectConfigurationPlatforms) = postSolution
		{87BB1A45-C91E-4544-BFD7-0E544DE32C33}.Debug|x64.ActiveCfg = Debug|x64
		{87BB1A45-C91E-4544-BFD7-0E544DE32C33}.Debug|x64.Build.0 = Debug|x64
		{87BB1A45-C91E-4544-BFD7-0E544DE32C33}.Debug|x86.ActiveCfg = Debug|Win32
		{87BB1A45-C91E-4544-BFD7-0E544DE32C33}.Debug|x86.Build.0 = Debug|Win32
		{87BB1A45-C91E-4544-BFD7-0E544DE32C33}.Release|x64.ActiveCfg = Release|x64
		{87BB1A45-C91E-4544-BFD7-0E544DE32C33}.Release|x64.Build.0 = Release|x64
		{87BB1A45-C91E-4544-BFD7-0E544DE32C33}.Release|x86.ActiveCfg = Release|Win32
		{87BB1A45-C91E-4544-BFD7-0E544DE32C33}.Release|x86.Build.0 = Release|Win32
	EndGlobalSection
	GlobalSection(SolutionProperties) = preSolution
		HideSolutionNode = FALSE
	EndGlobalSection
	GlobalSection(ExtensibilityGlobals) = postSolution
		SolutionGuid = {88970FD0-737F-4A6C-9C1C-621AD5A17A96}
	EndGlobalSection
EndGlobal
