
Microsoft Visual Studio Solution File, Format Version 12.00
# Visual Studio Version 17
VisualStudioVersion = 17.3.32922.545
MinimumVisualStudioVersion = 10.0.40219.1
Project("{FAE04EC0-301F-11D3-BF4B-00C04F79EFBC}") = "vglinskii.aspNetCourse.Lab_1.FirstWebsite", "vglinskii.aspNetCourse.Lab_1.FirstWebsite\vglinskii.aspNetCourse.Lab_1.FirstWebsite.csproj", "{91A8E1C3-D395-4906-B148-AB89A4EB03AE}"
EndProject
Global
	GlobalSection(SolutionConfigurationPlatforms) = preSolution
		Debug|Any CPU = Debug|Any CPU
		Release|Any CPU = Release|Any CPU
	EndGlobalSection
	GlobalSection(ProjectConfigurationPlatforms) = postSolution
		{91A8E1C3-D395-4906-B148-AB89A4EB03AE}.Debug|Any CPU.ActiveCfg = Debug|Any CPU
		{91A8E1C3-D395-4906-B148-AB89A4EB03AE}.Debug|Any CPU.Build.0 = Debug|Any CPU
		{91A8E1C3-D395-4906-B148-AB89A4EB03AE}.Release|Any CPU.ActiveCfg = Release|Any CPU
		{91A8E1C3-D395-4906-B148-AB89A4EB03AE}.Release|Any CPU.Build.0 = Release|Any CPU
	EndGlobalSection
	GlobalSection(SolutionProperties) = preSolution
		HideSolutionNode = FALSE
	EndGlobalSection
	GlobalSection(ExtensibilityGlobals) = postSolution
		SolutionGuid = {2F9FF2E0-7163-4F3E-A80F-9236FC3A09CA}
	EndGlobalSection
EndGlobal
