
Microsoft Visual Studio Solution File, Format Version 12.00
# Visual Studio Version 17
VisualStudioVersion = 17.2.32505.173
MinimumVisualStudioVersion = 10.0.40219.1
Project("{FAE04EC0-301F-11D3-BF4B-00C04F79EFBC}") = "VGlinskii.winForms.Lab5._WinAnim", "VGlinskii.winForms.Lab5._WinAnim\VGlinskii.winForms.Lab5._WinAnim.csproj", "{C052090E-7453-4BFC-97AC-BF847FB1C42F}"
EndProject
Global
	GlobalSection(SolutionConfigurationPlatforms) = preSolution
		Debug|Any CPU = Debug|Any CPU
		Release|Any CPU = Release|Any CPU
	EndGlobalSection
	GlobalSection(ProjectConfigurationPlatforms) = postSolution
		{C052090E-7453-4BFC-97AC-BF847FB1C42F}.Debug|Any CPU.ActiveCfg = Debug|Any CPU
		{C052090E-7453-4BFC-97AC-BF847FB1C42F}.Debug|Any CPU.Build.0 = Debug|Any CPU
		{C052090E-7453-4BFC-97AC-BF847FB1C42F}.Release|Any CPU.ActiveCfg = Release|Any CPU
		{C052090E-7453-4BFC-97AC-BF847FB1C42F}.Release|Any CPU.Build.0 = Release|Any CPU
	EndGlobalSection
	GlobalSection(SolutionProperties) = preSolution
		HideSolutionNode = FALSE
	EndGlobalSection
	GlobalSection(ExtensibilityGlobals) = postSolution
		SolutionGuid = {4B7909A6-1A2A-44D9-B7B7-8EB739B376B2}
	EndGlobalSection
EndGlobal
