
Microsoft Visual Studio Solution File, Format Version 12.00
# Visual Studio Version 17
VisualStudioVersion = 17.2.32505.173
MinimumVisualStudioVersion = 10.0.40219.1
Project("{FAE04EC0-301F-11D3-BF4B-00C04F79EFBC}") = "vladimirGlinskii.csCourse.firstLab", "vladimirGlinskii.csCourse.firstLab\vladimirGlinskii.csCourse.firstLab.csproj", "{C3FCFB8C-B1CD-434D-8097-BC19D2857FFD}"
EndProject
Global
	GlobalSection(SolutionConfigurationPlatforms) = preSolution
		Debug|Any CPU = Debug|Any CPU
		Release|Any CPU = Release|Any CPU
	EndGlobalSection
	GlobalSection(ProjectConfigurationPlatforms) = postSolution
		{C3FCFB8C-B1CD-434D-8097-BC19D2857FFD}.Debug|Any CPU.ActiveCfg = Debug|Any CPU
		{C3FCFB8C-B1CD-434D-8097-BC19D2857FFD}.Debug|Any CPU.Build.0 = Debug|Any CPU
		{C3FCFB8C-B1CD-434D-8097-BC19D2857FFD}.Release|Any CPU.ActiveCfg = Release|Any CPU
		{C3FCFB8C-B1CD-434D-8097-BC19D2857FFD}.Release|Any CPU.Build.0 = Release|Any CPU
	EndGlobalSection
	GlobalSection(SolutionProperties) = preSolution
		HideSolutionNode = FALSE
	EndGlobalSection
	GlobalSection(ExtensibilityGlobals) = postSolution
		SolutionGuid = {A854D75D-6FB3-46F5-8144-CE3D04F2CB46}
	EndGlobalSection
EndGlobal
