
Microsoft Visual Studio Solution File, Format Version 12.00
# Visual Studio Version 17
VisualStudioVersion = 17.3.32922.545
MinimumVisualStudioVersion = 10.0.40219.1
Project("{8BC9CEB8-8B4A-11D0-8D11-00A0C91BC942}") = "lab6_exam2", "lab6_exam2\lab6_exam2.vcxproj", "{DB73774E-49AF-49CD-A424-C26AF8583B5B}"
EndProject
Global
	GlobalSection(SolutionConfigurationPlatforms) = preSolution
		Debug|x64 = Debug|x64
		Debug|x86 = Debug|x86
		Release|x64 = Release|x64
		Release|x86 = Release|x86
	EndGlobalSection
	GlobalSection(ProjectConfigurationPlatforms) = postSolution
		{DB73774E-49AF-49CD-A424-C26AF8583B5B}.Debug|x64.ActiveCfg = Debug|x64
		{DB73774E-49AF-49CD-A424-C26AF8583B5B}.Debug|x64.Build.0 = Debug|x64
		{DB73774E-49AF-49CD-A424-C26AF8583B5B}.Debug|x86.ActiveCfg = Debug|Win32
		{DB73774E-49AF-49CD-A424-C26AF8583B5B}.Debug|x86.Build.0 = Debug|Win32
		{DB73774E-49AF-49CD-A424-C26AF8583B5B}.Release|x64.ActiveCfg = Release|x64
		{DB73774E-49AF-49CD-A424-C26AF8583B5B}.Release|x64.Build.0 = Release|x64
		{DB73774E-49AF-49CD-A424-C26AF8583B5B}.Release|x86.ActiveCfg = Release|Win32
		{DB73774E-49AF-49CD-A424-C26AF8583B5B}.Release|x86.Build.0 = Release|Win32
	EndGlobalSection
	GlobalSection(SolutionProperties) = preSolution
		HideSolutionNode = FALSE
	EndGlobalSection
	GlobalSection(ExtensibilityGlobals) = postSolution
		SolutionGuid = {89FE8FFF-B5F1-4CFE-92FF-AE54E780CFE3}
	EndGlobalSection
EndGlobal
