
Microsoft Visual Studio Solution File, Format Version 12.00
# Visual Studio Version 17
VisualStudioVersion = 17.1.32328.378
MinimumVisualStudioVersion = 10.0.40219.1
Project("{FAE04EC0-301F-11D3-BF4B-00C04F79EFBC}") = "VladimirGlinskii.devFundamentals.consoleApplication", "VladimirGlinskii.devFundamentals.consoleApplication\VladimirGlinskii.devFundamentals.consoleApplication.csproj", "{0B4B977B-5884-473D-880C-98A5CBABF607}"
EndProject
Global
	GlobalSection(SolutionConfigurationPlatforms) = preSolution
		Debug|Any CPU = Debug|Any CPU
		Release|Any CPU = Release|Any CPU
	EndGlobalSection
	GlobalSection(ProjectConfigurationPlatforms) = postSolution
		{0B4B977B-5884-473D-880C-98A5CBABF607}.Debug|Any CPU.ActiveCfg = Debug|Any CPU
		{0B4B977B-5884-473D-880C-98A5CBABF607}.Debug|Any CPU.Build.0 = Debug|Any CPU
		{0B4B977B-5884-473D-880C-98A5CBABF607}.Release|Any CPU.ActiveCfg = Release|Any CPU
		{0B4B977B-5884-473D-880C-98A5CBABF607}.Release|Any CPU.Build.0 = Release|Any CPU
	EndGlobalSection
	GlobalSection(SolutionProperties) = preSolution
		HideSolutionNode = FALSE
	EndGlobalSection
	GlobalSection(ExtensibilityGlobals) = postSolution
		SolutionGuid = {7D593277-DCF1-422B-B4AB-17FC50E06ECD}
	EndGlobalSection
EndGlobal
